// !$*UTF8*$!
{
	archiveVersion = 1;
	classes = {
	};
	objectVersion = 46;
	objects = {

/* Begin PBXBuildFile section */
		1D12A4E713D3E01D00D466E9 /* Foundation.framework in Frameworks */ = {isa = PBXBuildFile; fileRef = 1D12A4E613D3E01D00D466E9 /* Foundation.framework */; };
		1D12A4EA13D3E01D00D466E9 /* main.m in Sources */ = {isa = PBXBuildFile; fileRef = 1D12A4E913D3E01D00D466E9 /* main.m */; };
/* End PBXBuildFile section */

/* Begin PBXCopyFilesBuildPhase section */
		1D12A4E013D3E01D00D466E9 /* CopyFiles */ = {
			isa = PBXCopyFilesBuildPhase;
			buildActionMask = 2147483647;
			dstPath = /usr/share/man/man1/;
			dstSubfolderSpec = 0;
			files = (
			);
			runOnlyForDeploymentPostprocessing = 1;
		};
/* End PBXCopyFilesBuildPhase section */

/* Begin PBXFileReference section */
		1D12A4E213D3E01D00D466E9 /* Lesson 31 */ = {isa = PBXFileReference; explicitFileType = "compiled.mach-o.executable"; includeInIndex = 0; path = "Lesson 31"; sourceTree = BUILT_PRODUCTS_DIR; };
		1D12A4E613D3E01D00D466E9 /* Foundation.framework */ = {isa = PBXFileReference; lastKnownFileType = wrapper.framework; name = Foundation.framework; path = System/Library/Frameworks/Foundation.framework; sourceTree = SDKROOT; };
		1D12A4E913D3E01D00D466E9 /* main.m */ = {isa = PBXFileReference; lastKnownFileType = sourcecode.c.objc; path = main.m; sourceTree = "<group>"; };
		1D12A4EC13D3E01D00D466E9 /* Lesson 31-Prefix.pch */ = {isa = PBXFileReference; lastKnownFileType = sourcecode.c.h; path = "Lesson 31-Prefix.pch"; sourceTree = "<group>"; };
		1D12A4ED13D3E01D00D466E9 /* Lesson_31.1 */ = {isa = PBXFileReference; lastKnownFileType = text.man; path = Lesson_31.1; sourceTree = "<group>"; };
/* End PBXFileReference section */

/* Begin PBXFrameworksBuildPhase section */
		1D12A4DF13D3E01D00D466E9 /* Frameworks */ = {
			isa = PBXFrameworksBuildPhase;
			buildActionMask = 2147483647;
			files = (
				1D12A4E713D3E01D00D466E9 /* Foundation.framework in Frameworks */,
			);
			runOnlyForDeploymentPostprocessing = 0;
		};
/* End PBXFrameworksBuildPhase section */

/* Begin PBXGroup section */
		1D12A4D713D3E01D00D466E9 = {
			isa = PBXGroup;
			children = (
				1D12A4E813D3E01D00D466E9 /* Lesson 31 */,
				1D12A4E513D3E01D00D466E9 /* Frameworks */,
				1D12A4E313D3E01D00D466E9 /* Products */,
			);
			sourceTree = "<group>";
		};
		1D12A4E313D3E01D00D466E9 /* Products */ = {
			isa = PBXGroup;
			children = (
				1D12A4E213D3E01D00D466E9 /* Lesson 31 */,
			);
			name = Products;
			sourceTree = "<group>";
		};
		1D12A4E513D3E01D00D466E9 /* Frameworks */ = {
			isa = PBXGroup;
			children = (
				1D12A4E613D3E01D00D466E9 /* Foundation.framework */,
			);
			name = Frameworks;
			sourceTree = "<group>";
		};
		1D12A4E813D3E01D00D466E9 /* Lesson 31 */ = {
			isa = PBXGroup;
			children = (
				1D12A4E913D3E01D00D466E9 /* main.m */,
				1D12A4ED13D3E01D00D466E9 /* Lesson_31.1 */,
				1D12A4EB13D3E01D00D466E9 /* Supporting Files */,
			);
			path = "Lesson 31";
			sourceTree = "<group>";
		};
		1D12A4EB13D3E01D00D466E9 /* Supporting Files */ = {
			isa = PBXGroup;
			children = (
				1D12A4EC13D3E01D00D466E9 /* Lesson 31-Prefix.pch */,
			);
			name = "Supporting Files";
			sourceTree = "<group>";
		};
/* End PBXGroup section */

/* Begin PBXNativeTarget section */
		1D12A4E113D3E01D00D466E9 /* Lesson 31 */ = {
			isa = PBXNativeTarget;
			buildConfigurationList = 1D12A4F013D3E01D00D466E9 /* Build configuration list for PBXNativeTarget "Lesson 31" */;
			buildPhases = (
				1D12A4DE13D3E01D00D466E9 /* Sources */,
				1D12A4DF13D3E01D00D466E9 /* Frameworks */,
				1D12A4E013D3E01D00D466E9 /* CopyFiles */,
			);
			buildRules = (
			);
			dependencies = (
			);
			name = "Lesson 31";
			productName = "Lesson 31";
			productReference = 1D12A4E213D3E01D00D466E9 /* Lesson 31 */;
			productType = "com.apple.product-type.tool";
		};
/* End PBXNativeTarget section */

/* Begin PBXProject section */
		1D12A4D913D3E01D00D466E9 /* Project object */ = {
			isa = PBXProject;
			buildConfigurationList = 1D12A4DC13D3E01D00D466E9 /* Build configuration list for PBXProject "Lesson 31" */;
			compatibilityVersion = "Xcode 3.2";
			developmentRegion = English;
			hasScannedForEncodings = 0;
			knownRegions = (
				en,
			);
			mainGroup = 1D12A4D713D3E01D00D466E9;
			productRefGroup = 1D12A4E313D3E01D00D466E9 /* Products */;
			projectDirPath = "";
			projectRoot = "";
			targets = (
				1D12A4E113D3E01D00D466E9 /* Lesson 31 */,
			);
		};
/* End PBXProject section */

/* Begin PBXSourcesBuildPhase section */
		1D12A4DE13D3E01D00D466E9 /* Sources */ = {
			isa = PBXSourcesBuildPhase;
			buildActionMask = 2147483647;
			files = (
				1D12A4EA13D3E01D00D466E9 /* main.m in Sources */,
			);
			runOnlyForDeploymentPostprocessing = 0;
		};
/* End PBXSourcesBuildPhase section */

/* Begin XCBuildConfiguration section */
		1D12A4EE13D3E01D00D466E9 /* Debug */ = {
			isa = XCBuildConfiguration;
			buildSettings = {
				ARCHS = "$(ARCHS_STANDARD_32_64_BIT)";
				GCC_C_LANGUAGE_STANDARD = gnu99;
				GCC_OPTIMIZATION_LEVEL = 0;
				GCC_PREPROCESSOR_DEFINITIONS = DEBUG;
				GCC_SYMBOLS_PRIVATE_EXTERN = NO;
				GCC_VERSION = com.apple.compilers.llvm.clang.1_0;
				GCC_WARN_64_TO_32_BIT_CONVERSION = YES;
				GCC_WARN_ABOUT_RETURN_TYPE = YES;
				GCC_WARN_UNUSED_VARIABLE = YES;
				MACOSX_DEPLOYMENT_TARGET = 10.6;
				ONLY_ACTIVE_ARCH = YES;
				SDKROOT = macosx;
			};
			name = Debug;
		};
		1D12A4EF13D3E01D00D466E9 /* Release */ = {
			isa = XCBuildConfiguration;
			buildSettings = {
				ARCHS = "$(ARCHS_STANDARD_32_64_BIT)";
				GCC_C_LANGUAGE_STANDARD = gnu99;
				GCC_VERSION = com.apple.compilers.llvm.clang.1_0;
				GCC_WARN_64_TO_32_BIT_CONVERSION = YES;
				GCC_WARN_ABOUT_RETURN_TYPE = YES;
				GCC_WARN_UNUSED_VARIABLE = YES;
				MACOSX_DEPLOYMENT_TARGET = 10.6;
				SDKROOT = macosx;
			};
			name = Release;
		};
		1D12A4F113D3E01D00D466E9 /* Debug */ = {
			isa = XCBuildConfiguration;
			buildSettings = {
				ALWAYS_SEARCH_USER_PATHS = NO;
				COPY_PHASE_STRIP = NO;
				GCC_DYNAMIC_NO_PIC = NO;
				GCC_ENABLE_OBJC_EXCEPTIONS = YES;
				GCC_PRECOMPILE_PREFIX_HEADER = YES;
				GCC_PREFIX_HEADER = "Lesson 31/Lesson 31-Prefix.pch";
				PRODUCT_NAME = "$(TARGET_NAME)";
			};
			name = Debug;
		};
		1D12A4F213D3E01D00D466E9 /* Release */ = {
			isa = XCBuildConfiguration;
			buildSettings = {
				ALWAYS_SEARCH_USER_PATHS = NO;
				COPY_PHASE_STRIP = YES;
				DEBUG_INFORMATION_FORMAT = "dwarf-with-dsym";
				GCC_ENABLE_OBJC_EXCEPTIONS = YES;
				GCC_PRECOMPILE_PREFIX_HEADER = YES;
				GCC_PREFIX_HEADER = "Lesson 31/Lesson 31-Prefix.pch";
				PRODUCT_NAME = "$(TARGET_NAME)";
			};
			name = Release;
		};
/* End XCBuildConfiguration section */

/* Begin XCConfigurationList section */
		1D12A4DC13D3E01D00D466E9 /* Build configuration list for PBXProject "Lesson 31" */ = {
			isa = XCConfigurationList;
			buildConfigurations = (
				1D12A4EE13D3E01D00D466E9 /* Debug */,
				1D12A4EF13D3E01D00D466E9 /* Release */,
			);
			defaultConfigurationIsVisible = 0;
			defaultConfigurationName = Release;
		};
		1D12A4F013D3E01D00D466E9 /* Build configuration list for PBXNativeTarget "Lesson 31" */ = {
			isa = XCConfigurationList;
			buildConfigurations = (
				1D12A4F113D3E01D00D466E9 /* Debug */,
				1D12A4F213D3E01D00D466E9 /* Release */,
			);
			defaultConfigurationIsVisible = 0;
		};
/* End XCConfigurationList section */
	};
	rootObject = 1D12A4D913D3E01D00D466E9 /* Project object */;
}
